
Microsoft Visual Studio Solution File, Format Version 12.00
# Visual Studio Version 17
VisualStudioVersion = 17.8.34322.80
MinimumVisualStudioVersion = 10.0.40219.1
Project("{FAE04EC0-301F-11D3-BF4B-00C04F79EFBC}") = "SiraliDiziBirlestir", "SiraliDiziBirlestir\SiraliDiziBirlestir.csproj", "{B79292CC-3443-4DA3-96B7-02E6F6F21F03}"
EndProject
Global
	GlobalSection(SolutionConfigurationPlatforms) = preSolution
		Debug|Any CPU = Debug|Any CPU
		Release|Any CPU = Release|Any CPU
	EndGlobalSection
	GlobalSection(ProjectConfigurationPlatforms) = postSolution
		{B79292CC-3443-4DA3-96B7-02E6F6F21F03}.Debug|Any CPU.ActiveCfg = Debug|Any CPU
		{B79292CC-3443-4DA3-96B7-02E6F6F21F03}.Debug|Any CPU.Build.0 = Debug|Any CPU
		{B79292CC-3443-4DA3-96B7-02E6F6F21F03}.Release|Any CPU.ActiveCfg = Release|Any CPU
		{B79292CC-3443-4DA3-96B7-02E6F6F21F03}.Release|Any CPU.Build.0 = Release|Any CPU
	EndGlobalSection
	GlobalSection(SolutionProperties) = preSolution
		HideSolutionNode = FALSE
	EndGlobalSection
	GlobalSection(ExtensibilityGlobals) = postSolution
		SolutionGuid = {532CD35E-7486-4DDF-9950-FF11C899AAFE}
	EndGlobalSection
EndGlobal
